<?xml version="1.0" encoding="utf-8"?>
<Project ToolsVersion="4.0" xmlns="http://schemas.microsoft.com/developer/msbuild/2003">
  <ItemGroup>
    <Filter Include="Source Files">
      <UniqueIdentifier>{4FC737F1-C7A5-4376-A066-2A32D752A2FF}</UniqueIdentifier>
      <Extensions>cpp;c;cxx;def;odl;idl;hpj;bat;asm;asmx</Extensions>
    </Filter>
    <Filter Include="Header Files">
      <UniqueIdentifier>{93995380-89BD-4b04-88EB-625FBE52EBFB}</UniqueIdentifier>
      <Extensions>h;hpp;hxx;hm;inl;inc;xsd</Extensions>
    </Filter>
    <Filter Include="Resource Files">
      <UniqueIdentifier>{67DA6AB6-F800-4c08-8B7A-83BB121AAD01}</UniqueIdentifier>
      <Extensions>rc;ico;cur;bmp;dlg;rc2;rct;bin;rgs;gif;jpg;jpeg;jpe;resx</Extensions>
    </Filter>
  </ItemGroup>
  <ItemGroup>
    <ClCompile Include="AboutDlg.cpp">
      <Filter>Source Files</Filter>
    </ClCompile>
    <ClCompile Include="CommonWinFunc.cpp">
      <Filter>Source Files</Filter>
    </ClCompile>
    <ClCompile Include="JPForm.cpp">
      <Filter>Source Files</Filter>
    </ClCompile>
    <ClCompile Include="JumpListFunc.cpp">
      <Filter>Source Files</Filter>
    </ClCompile>
    <ClCompile Include="NppPluginDemo.cpp">
      <Filter>Source Files</Filter>
    </ClCompile>
    <ClCompile Include="PluginDefinition.cpp">
      <Filter>Source Files</Filter>
    </ClCompile>
    <ClCompile Include="SettingsManager.cpp">
      <Filter>Source Files</Filter>
    </ClCompile>
  </ItemGroup>
  <ItemGroup>
    <ClInclude Include="AboutDlg.h">
      <Filter>Header Files</Filter>
    </ClInclude>
    <ClInclude Include="CommonWinFunc.h">
      <Filter>Header Files</Filter>
    </ClInclude>
    <ClInclude Include="JPForm.h">
      <Filter>Header Files</Filter>
    </ClInclude>
    <ClInclude Include="JumpListFunc.h">
      <Filter>Header Files</Filter>
    </ClInclude>
    <ClInclude Include="menuCmdID.h">
      <Filter>Header Files</Filter>
    </ClInclude>
    <ClInclude Include="Notepad_plus_msgs.h">
      <Filter>Header Files</Filter>
    </ClInclude>
    <ClInclude Include="PluginDefinition.h">
      <Filter>Header Files</Filter>
    </ClInclude>
    <ClInclude Include="PluginInterface.h">
      <Filter>Header Files</Filter>
    </ClInclude>
    <ClInclude Include="resource.h">
      <Filter>Header Files</Filter>
    </ClInclude>
    <ClInclude Include="Scintilla.h">
      <Filter>Header Files</Filter>
    </ClInclude>
    <ClInclude Include="SettingsManager.h">
      <Filter>Header Files</Filter>
    </ClInclude>
  </ItemGroup>
  <ItemGroup>
    <ResourceCompile Include="NppPluginTemplate5.rc">
      <Filter>Resource Files</Filter>
    </ResourceCompile>
  </ItemGroup>
  <ItemGroup>
    <None Include="exports.def" />
    <None Include="icons\closeAll.ico">
      <Filter>Resource Files</Filter>
    </None>
    <None Include="icons\closeFile.ico">
      <Filter>Resource Files</Filter>
    </None>
    <None Include="icons\newFile.ico">
      <Filter>Resource Files</Filter>
    </None>
    <None Include="icons\openFile.ico">
      <Filter>Resource Files</Filter>
    </None>
    <None Include="icons\print.ico">
      <Filter>Resource Files</Filter>
    </None>
    <None Include="icons\saveAll.ico">
      <Filter>Resource Files</Filter>
    </None>
    <None Include="icons\saveFile.ico">
      <Filter>Resource Files</Filter>
    </None>
  </ItemGroup>
  <ItemGroup>
    <Manifest Include="NppJumpList.dll.manifest" />
  </ItemGroup>
</Project>